// !$*UTF8*$!
{
	archiveVersion = 1;
	classes = {
	};
	objectVersion = 50;
	objects = {

/* Begin PBXBuildFile section */
		CF9C248C28DCAE6F0072237C /* CustomTableCellController.swift in Sources */ = {isa = PBXBuildFile; fileRef = CF9C248B28DCAE6F0072237C /* CustomTableCellController.swift */; };
		CFEA917728DD0EBF00FE1895 /* FeedItemViewController.swift in Sources */ = {isa = PBXBuildFile; fileRef = CFEA917628DD0EBF00FE1895 /* FeedItemViewController.swift */; };
		CFFBFB4C28DDEC17008F45D5 /* testing.json in Resources */ = {isa = PBXBuildFile; fileRef = CFFBFB4B28DDEC17008F45D5 /* testing.json */; };
		CFFBFB4E28DDF5A7008F45D5 /* testinginvalid.json in Resources */ = {isa = PBXBuildFile; fileRef = CFFBFB4D28DDF5A7008F45D5 /* testinginvalid.json */; };
		CFFBFB5028DDF70C008F45D5 /* ImageURLoader.swift in Sources */ = {isa = PBXBuildFile; fileRef = CFFBFB4F28DDF70C008F45D5 /* ImageURLoader.swift */; };
		F212351225BF56F10003048F /* README.md in Resources */ = {isa = PBXBuildFile; fileRef = F212351125BF56F10003048F /* README.md */; };
		F218566C25BD6A1300FD50E4 /* AppDelegate.swift in Sources */ = {isa = PBXBuildFile; fileRef = F218566B25BD6A1300FD50E4 /* AppDelegate.swift */; };
		F218567025BD6A1300FD50E4 /* FeedViewController.swift in Sources */ = {isa = PBXBuildFile; fileRef = F218566F25BD6A1300FD50E4 /* FeedViewController.swift */; };
		F218567325BD6A1300FD50E4 /* Main.storyboard in Resources */ = {isa = PBXBuildFile; fileRef = F218567125BD6A1300FD50E4 /* Main.storyboard */; };
		F218567525BD6A1400FD50E4 /* Assets.xcassets in Resources */ = {isa = PBXBuildFile; fileRef = F218567425BD6A1400FD50E4 /* Assets.xcassets */; };
		F218567825BD6A1400FD50E4 /* LaunchScreen.storyboard in Resources */ = {isa = PBXBuildFile; fileRef = F218567625BD6A1400FD50E4 /* LaunchScreen.storyboard */; };
		F218568825BD6C5100FD50E4 /* data.json in Resources */ = {isa = PBXBuildFile; fileRef = F218568725BD6C5100FD50E4 /* data.json */; };
		F218568C25BD6CE900FD50E4 /* FeedResponse.swift in Sources */ = {isa = PBXBuildFile; fileRef = F218568B25BD6CE900FD50E4 /* FeedResponse.swift */; };
		F218568F25BD6CF700FD50E4 /* FeedItem.swift in Sources */ = {isa = PBXBuildFile; fileRef = F218568E25BD6CF700FD50E4 /* FeedItem.swift */; };
		F218569525BD760900FD50E4 /* ResourceReader.swift in Sources */ = {isa = PBXBuildFile; fileRef = F218569425BD760900FD50E4 /* ResourceReader.swift */; };
		F21856D625BD794600FD50E4 /* FeedProvider.swift in Sources */ = {isa = PBXBuildFile; fileRef = F21856D525BD794600FD50E4 /* FeedProvider.swift */; };
		F21856E025BD815A00FD50E4 /* WebMDInterviewTest_UnitTests.swift in Sources */ = {isa = PBXBuildFile; fileRef = F21856DF25BD815A00FD50E4 /* WebMDInterviewTest_UnitTests.swift */; };
/* End PBXBuildFile section */

/* Begin PBXContainerItemProxy section */
		F21856E225BD815A00FD50E4 /* PBXContainerItemProxy */ = {
			isa = PBXContainerItemProxy;
			containerPortal = F218566025BD6A1300FD50E4 /* Project object */;
			proxyType = 1;
			remoteGlobalIDString = F218566725BD6A1300FD50E4;
			remoteInfo = WebMDInterviewTest;
		};
/* End PBXContainerItemProxy section */

/* Begin PBXFileReference section */
		CF9C248B28DCAE6F0072237C /* CustomTableCellController.swift */ = {isa = PBXFileReference; lastKnownFileType = sourcecode.swift; path = CustomTableCellController.swift; sourceTree = "<group>"; };
		CFEA917628DD0EBF00FE1895 /* FeedItemViewController.swift */ = {isa = PBXFileReference; lastKnownFileType = sourcecode.swift; path = FeedItemViewController.swift; sourceTree = "<group>"; };
		CFFBFB4B28DDEC17008F45D5 /* testing.json */ = {isa = PBXFileReference; fileEncoding = 4; lastKnownFileType = text.json; path = testing.json; sourceTree = "<group>"; };
		CFFBFB4D28DDF5A7008F45D5 /* testinginvalid.json */ = {isa = PBXFileReference; fileEncoding = 4; lastKnownFileType = text.json; path = testinginvalid.json; sourceTree = "<group>"; };
		CFFBFB4F28DDF70C008F45D5 /* ImageURLoader.swift */ = {isa = PBXFileReference; lastKnownFileType = sourcecode.swift; path = ImageURLoader.swift; sourceTree = "<group>"; };
		F212351125BF56F10003048F /* README.md */ = {isa = PBXFileReference; fileEncoding = 4; lastKnownFileType = net.daringfireball.markdown; path = README.md; sourceTree = "<group>"; };
		F218566825BD6A1300FD50E4 /* WebMDInterviewTest.app */ = {isa = PBXFileReference; explicitFileType = wrapper.application; includeInIndex = 0; path = WebMDInterviewTest.app; sourceTree = BUILT_PRODUCTS_DIR; };
		F218566B25BD6A1300FD50E4 /* AppDelegate.swift */ = {isa = PBXFileReference; lastKnownFileType = sourcecode.swift; path = AppDelegate.swift; sourceTree = "<group>"; };
		F218566F25BD6A1300FD50E4 /* FeedViewController.swift */ = {isa = PBXFileReference; lastKnownFileType = sourcecode.swift; path = FeedViewController.swift; sourceTree = "<group>"; };
		F218567225BD6A1300FD50E4 /* Base */ = {isa = PBXFileReference; lastKnownFileType = file.storyboard; name = Base; path = Base.lproj/Main.storyboard; sourceTree = "<group>"; };
		F218567425BD6A1400FD50E4 /* Assets.xcassets */ = {isa = PBXFileReference; lastKnownFileType = folder.assetcatalog; path = Assets.xcassets; sourceTree = "<group>"; };
		F218567725BD6A1400FD50E4 /* Base */ = {isa = PBXFileReference; lastKnownFileType = file.storyboard; name = Base; path = Base.lproj/LaunchScreen.storyboard; sourceTree = "<group>"; };
		F218567925BD6A1400FD50E4 /* Info.plist */ = {isa = PBXFileReference; lastKnownFileType = text.plist.xml; path = Info.plist; sourceTree = "<group>"; };
		F218568725BD6C5100FD50E4 /* data.json */ = {isa = PBXFileReference; fileEncoding = 4; lastKnownFileType = text.json; path = data.json; sourceTree = "<group>"; };
		F218568B25BD6CE900FD50E4 /* FeedResponse.swift */ = {isa = PBXFileReference; lastKnownFileType = sourcecode.swift; path = FeedResponse.swift; sourceTree = "<group>"; };
		F218568E25BD6CF700FD50E4 /* FeedItem.swift */ = {isa = PBXFileReference; lastKnownFileType = sourcecode.swift; path = FeedItem.swift; sourceTree = "<group>"; };
		F218569425BD760900FD50E4 /* ResourceReader.swift */ = {isa = PBXFileReference; lastKnownFileType = sourcecode.swift; path = ResourceReader.swift; sourceTree = "<group>"; };
		F21856D525BD794600FD50E4 /* FeedProvider.swift */ = {isa = PBXFileReference; lastKnownFileType = sourcecode.swift; path = FeedProvider.swift; sourceTree = "<group>"; };
		F21856DD25BD815A00FD50E4 /* WebMDInterviewTest-UnitTests.xctest */ = {isa = PBXFileReference; explicitFileType = wrapper.cfbundle; includeInIndex = 0; path = "WebMDInterviewTest-UnitTests.xctest"; sourceTree = BUILT_PRODUCTS_DIR; };
		F21856DF25BD815A00FD50E4 /* WebMDInterviewTest_UnitTests.swift */ = {isa = PBXFileReference; lastKnownFileType = sourcecode.swift; path = WebMDInterviewTest_UnitTests.swift; sourceTree = "<group>"; };
		F21856E125BD815A00FD50E4 /* Info.plist */ = {isa = PBXFileReference; lastKnownFileType = text.plist.xml; path = Info.plist; sourceTree = "<group>"; };
/* End PBXFileReference section */

/* Begin PBXFrameworksBuildPhase section */
		F218566525BD6A1300FD50E4 /* Frameworks */ = {
			isa = PBXFrameworksBuildPhase;
			buildActionMask = 2147483647;
			files = (
			);
			runOnlyForDeploymentPostprocessing = 0;
		};
		F21856DA25BD815A00FD50E4 /* Frameworks */ = {
			isa = PBXFrameworksBuildPhase;
			buildActionMask = 2147483647;
			files = (
			);
			runOnlyForDeploymentPostprocessing = 0;
		};
/* End PBXFrameworksBuildPhase section */

/* Begin PBXGroup section */
		F218565F25BD6A1300FD50E4 = {
			isa = PBXGroup;
			children = (
				F212351125BF56F10003048F /* README.md */,
				F218566A25BD6A1300FD50E4 /* WebMDInterviewTest */,
				F21856DE25BD815A00FD50E4 /* WebMDInterviewTest-UnitTests */,
				F218566925BD6A1300FD50E4 /* Products */,
			);
			sourceTree = "<group>";
		};
		F218566925BD6A1300FD50E4 /* Products */ = {
			isa = PBXGroup;
			children = (
				F218566825BD6A1300FD50E4 /* WebMDInterviewTest.app */,
				F21856DD25BD815A00FD50E4 /* WebMDInterviewTest-UnitTests.xctest */,
			);
			name = Products;
			sourceTree = "<group>";
		};
		F218566A25BD6A1300FD50E4 /* WebMDInterviewTest */ = {
			isa = PBXGroup;
			children = (
				F21856D425BD793A00FD50E4 /* Service */,
				F218568125BD6B1000FD50E4 /* Controllers */,
				F218568225BD6B1E00FD50E4 /* Models */,
				F218569325BD75E300FD50E4 /* Utils */,
				F218568625BD6BF000FD50E4 /* Resources */,
				F218566B25BD6A1300FD50E4 /* AppDelegate.swift */,
				F218567425BD6A1400FD50E4 /* Assets.xcassets */,
				F218567625BD6A1400FD50E4 /* LaunchScreen.storyboard */,
				F218567925BD6A1400FD50E4 /* Info.plist */,
			);
			path = WebMDInterviewTest;
			sourceTree = "<group>";
		};
		F218568125BD6B1000FD50E4 /* Controllers */ = {
			isa = PBXGroup;
			children = (
				F218566F25BD6A1300FD50E4 /* FeedViewController.swift */,
				CF9C248B28DCAE6F0072237C /* CustomTableCellController.swift */,
				CFEA917628DD0EBF00FE1895 /* FeedItemViewController.swift */,
			);
			path = Controllers;
			sourceTree = "<group>";
		};
		F218568225BD6B1E00FD50E4 /* Models */ = {
			isa = PBXGroup;
			children = (
				F218568B25BD6CE900FD50E4 /* FeedResponse.swift */,
				F218568E25BD6CF700FD50E4 /* FeedItem.swift */,
			);
			path = Models;
			sourceTree = "<group>";
		};
		F218568625BD6BF000FD50E4 /* Resources */ = {
			isa = PBXGroup;
			children = (
				CFFBFB4D28DDF5A7008F45D5 /* testinginvalid.json */,
				CFFBFB4B28DDEC17008F45D5 /* testing.json */,
				F218568725BD6C5100FD50E4 /* data.json */,
				F218567125BD6A1300FD50E4 /* Main.storyboard */,
			);
			path = Resources;
			sourceTree = "<group>";
		};
		F218569325BD75E300FD50E4 /* Utils */ = {
			isa = PBXGroup;
			children = (
				F218569425BD760900FD50E4 /* ResourceReader.swift */,
				CFFBFB4F28DDF70C008F45D5 /* ImageURLoader.swift */,
			);
			path = Utils;
			sourceTree = "<group>";
		};
		F21856D425BD793A00FD50E4 /* Service */ = {
			isa = PBXGroup;
			children = (
				F21856D525BD794600FD50E4 /* FeedProvider.swift */,
			);
			path = Service;
			sourceTree = "<group>";
		};
		F21856DE25BD815A00FD50E4 /* WebMDInterviewTest-UnitTests */ = {
			isa = PBXGroup;
			children = (
				F21856DF25BD815A00FD50E4 /* WebMDInterviewTest_UnitTests.swift */,
				F21856E125BD815A00FD50E4 /* Info.plist */,
			);
			path = "WebMDInterviewTest-UnitTests";
			sourceTree = "<group>";
		};
/* End PBXGroup section */

/* Begin PBXNativeTarget section */
		F218566725BD6A1300FD50E4 /* WebMDInterviewTest */ = {
			isa = PBXNativeTarget;
			buildConfigurationList = F218567C25BD6A1400FD50E4 /* Build configuration list for PBXNativeTarget "WebMDInterviewTest" */;
			buildPhases = (
				F218566425BD6A1300FD50E4 /* Sources */,
				F218566525BD6A1300FD50E4 /* Frameworks */,
				F218566625BD6A1300FD50E4 /* Resources */,
			);
			buildRules = (
			);
			dependencies = (
			);
			name = WebMDInterviewTest;
			productName = WebMDInterviewTest;
			productReference = F218566825BD6A1300FD50E4 /* WebMDInterviewTest.app */;
			productType = "com.apple.product-type.application";
		};
		F21856DC25BD815A00FD50E4 /* WebMDInterviewTest-UnitTests */ = {
			isa = PBXNativeTarget;
			buildConfigurationList = F21856E425BD815A00FD50E4 /* Build configuration list for PBXNativeTarget "WebMDInterviewTest-UnitTests" */;
			buildPhases = (
				F21856D925BD815A00FD50E4 /* Sources */,
				F21856DA25BD815A00FD50E4 /* Frameworks */,
				F21856DB25BD815A00FD50E4 /* Resources */,
			);
			buildRules = (
			);
			dependencies = (
				F21856E325BD815A00FD50E4 /* PBXTargetDependency */,
			);
			name = "WebMDInterviewTest-UnitTests";
			productName = "WebMDInterviewTest-UnitTests";
			productReference = F21856DD25BD815A00FD50E4 /* WebMDInterviewTest-UnitTests.xctest */;
			productType = "com.apple.product-type.bundle.unit-test";
		};
/* End PBXNativeTarget section */

/* Begin PBXProject section */
		F218566025BD6A1300FD50E4 /* Project object */ = {
			isa = PBXProject;
			attributes = {
				LastSwiftUpdateCheck = 1230;
				LastUpgradeCheck = 1230;
				TargetAttributes = {
					F218566725BD6A1300FD50E4 = {
						CreatedOnToolsVersion = 12.3;
					};
					F21856DC25BD815A00FD50E4 = {
						CreatedOnToolsVersion = 12.3;
						TestTargetID = F218566725BD6A1300FD50E4;
					};
				};
			};
			buildConfigurationList = F218566325BD6A1300FD50E4 /* Build configuration list for PBXProject "WebMDInterviewTest" */;
			compatibilityVersion = "Xcode 9.3";
			developmentRegion = en;
			hasScannedForEncodings = 0;
			knownRegions = (
				en,
				Base,
			);
			mainGroup = F218565F25BD6A1300FD50E4;
			productRefGroup = F218566925BD6A1300FD50E4 /* Products */;
			projectDirPath = "";
			projectRoot = "";
			targets = (
				F218566725BD6A1300FD50E4 /* WebMDInterviewTest */,
				F21856DC25BD815A00FD50E4 /* WebMDInterviewTest-UnitTests */,
			);
		};
/* End PBXProject section */

/* Begin PBXResourcesBuildPhase section */
		F218566625BD6A1300FD50E4 /* Resources */ = {
			isa = PBXResourcesBuildPhase;
			buildActionMask = 2147483647;
			files = (
				CFFBFB4C28DDEC17008F45D5 /* testing.json in Resources */,
				F218567825BD6A1400FD50E4 /* LaunchScreen.storyboard in Resources */,
				F218567525BD6A1400FD50E4 /* Assets.xcassets in Resources */,
				F212351225BF56F10003048F /* README.md in Resources */,
				CFFBFB4E28DDF5A7008F45D5 /* testinginvalid.json in Resources */,
				F218567325BD6A1300FD50E4 /* Main.storyboard in Resources */,
				F218568825BD6C5100FD50E4 /* data.json in Resources */,
			);
			runOnlyForDeploymentPostprocessing = 0;
		};
		F21856DB25BD815A00FD50E4 /* Resources */ = {
			isa = PBXResourcesBuildPhase;
			buildActionMask = 2147483647;
			files = (
			);
			runOnlyForDeploymentPostprocessing = 0;
		};
/* End PBXResourcesBuildPhase section */

/* Begin PBXSourcesBuildPhase section */
		F218566425BD6A1300FD50E4 /* Sources */ = {
			isa = PBXSourcesBuildPhase;
			buildActionMask = 2147483647;
			files = (
				F218568F25BD6CF700FD50E4 /* FeedItem.swift in Sources */,
				CFEA917728DD0EBF00FE1895 /* FeedItemViewController.swift in Sources */,
				F218567025BD6A1300FD50E4 /* FeedViewController.swift in Sources */,
				CF9C248C28DCAE6F0072237C /* CustomTableCellController.swift in Sources */,
				F218569525BD760900FD50E4 /* ResourceReader.swift in Sources */,
				CFFBFB5028DDF70C008F45D5 /* ImageURLoader.swift in Sources */,
				F218568C25BD6CE900FD50E4 /* FeedResponse.swift in Sources */,
				F21856D625BD794600FD50E4 /* FeedProvider.swift in Sources */,
				F218566C25BD6A1300FD50E4 /* AppDelegate.swift in Sources */,
			);
			runOnlyForDeploymentPostprocessing = 0;
		};
		F21856D925BD815A00FD50E4 /* Sources */ = {
			isa = PBXSourcesBuildPhase;
			buildActionMask = 2147483647;
			files = (
				F21856E025BD815A00FD50E4 /* WebMDInterviewTest_UnitTests.swift in Sources */,
			);
			runOnlyForDeploymentPostprocessing = 0;
		};
/* End PBXSourcesBuildPhase section */

/* Begin PBXTargetDependency section */
		F21856E325BD815A00FD50E4 /* PBXTargetDependency */ = {
			isa = PBXTargetDependency;
			target = F218566725BD6A1300FD50E4 /* WebMDInterviewTest */;
			targetProxy = F21856E225BD815A00FD50E4 /* PBXContainerItemProxy */;
		};
/* End PBXTargetDependency section */

/* Begin PBXVariantGroup section */
		F218567125BD6A1300FD50E4 /* Main.storyboard */ = {
			isa = PBXVariantGroup;
			children = (
				F218567225BD6A1300FD50E4 /* Base */,
			);
			name = Main.storyboard;
			sourceTree = "<group>";
		};
		F218567625BD6A1400FD50E4 /* LaunchScreen.storyboard */ = {
			isa = PBXVariantGroup;
			children = (
				F218567725BD6A1400FD50E4 /* Base */,
			);
			name = LaunchScreen.storyboard;
			sourceTree = "<group>";
		};
/* End PBXVariantGroup section */

/* Begin XCBuildConfiguration section */
		F218567A25BD6A1400FD50E4 /* Debug */ = {
			isa = XCBuildConfiguration;
			buildSettings = {
				ALWAYS_SEARCH_USER_PATHS = NO;
				CLANG_ANALYZER_NONNULL = YES;
				CLANG_ANALYZER_NUMBER_OBJECT_CONVERSION = YES_AGGRESSIVE;
				CLANG_CXX_LANGUAGE_STANDARD = "gnu++14";
				CLANG_CXX_LIBRARY = "libc++";
				CLANG_ENABLE_MODULES = YES;
				CLANG_ENABLE_OBJC_ARC = YES;
				CLANG_ENABLE_OBJC_WEAK = YES;
				CLANG_WARN_BLOCK_CAPTURE_AUTORELEASING = YES;
				CLANG_WARN_BOOL_CONVERSION = YES;
				CLANG_WARN_COMMA = YES;
				CLANG_WARN_CONSTANT_CONVERSION = YES;
				CLANG_WARN_DEPRECATED_OBJC_IMPLEMENTATIONS = YES;
				CLANG_WARN_DIRECT_OBJC_ISA_USAGE = YES_ERROR;
				CLANG_WARN_DOCUMENTATION_COMMENTS = YES;
				CLANG_WARN_EMPTY_BODY = YES;
				CLANG_WARN_ENUM_CONVERSION = YES;
				CLANG_WARN_INFINITE_RECURSION = YES;
				CLANG_WARN_INT_CONVERSION = YES;
				CLANG_WARN_NON_LITERAL_NULL_CONVERSION = YES;
				CLANG_WARN_OBJC_IMPLICIT_RETAIN_SELF = YES;
				CLANG_WARN_OBJC_LITERAL_CONVERSION = YES;
				CLANG_WARN_OBJC_ROOT_CLASS = YES_ERROR;
				CLANG_WARN_QUOTED_INCLUDE_IN_FRAMEWORK_HEADER = YES;
				CLANG_WARN_RANGE_LOOP_ANALYSIS = YES;
				CLANG_WARN_STRICT_PROTOTYPES = YES;
				CLANG_WARN_SUSPICIOUS_MOVE = YES;
				CLANG_WARN_UNGUARDED_AVAILABILITY = YES_AGGRESSIVE;
				CLANG_WARN_UNREACHABLE_CODE = YES;
				CLANG_WARN__DUPLICATE_METHOD_MATCH = YES;
				COPY_PHASE_STRIP = NO;
				DEBUG_INFORMATION_FORMAT = dwarf;
				ENABLE_STRICT_OBJC_MSGSEND = YES;
				ENABLE_TESTABILITY = YES;
				GCC_C_LANGUAGE_STANDARD = gnu11;
				GCC_DYNAMIC_NO_PIC = NO;
				GCC_NO_COMMON_BLOCKS = YES;
				GCC_OPTIMIZATION_LEVEL = 0;
				GCC_PREPROCESSOR_DEFINITIONS = (
					"DEBUG=1",
					"$(inherited)",
				);
				GCC_WARN_64_TO_32_BIT_CONVERSION = YES;
				GCC_WARN_ABOUT_RETURN_TYPE = YES_ERROR;
				GCC_WARN_UNDECLARED_SELECTOR = YES;
				GCC_WARN_UNINITIALIZED_AUTOS = YES_AGGRESSIVE;
				GCC_WARN_UNUSED_FUNCTION = YES;
				GCC_WARN_UNUSED_VARIABLE = YES;
				IPHONEOS_DEPLOYMENT_TARGET = 14.3;
				MTL_ENABLE_DEBUG_INFO = INCLUDE_SOURCE;
				MTL_FAST_MATH = YES;
				ONLY_ACTIVE_ARCH = YES;
				SDKROOT = iphoneos;
				SWIFT_ACTIVE_COMPILATION_CONDITIONS = DEBUG;
				SWIFT_OPTIMIZATION_LEVEL = "-Onone";
			};
			name = Debug;
		};
		F218567B25BD6A1400FD50E4 /* Release */ = {
			isa = XCBuildConfiguration;
			buildSettings = {
				ALWAYS_SEARCH_USER_PATHS = NO;
				CLANG_ANALYZER_NONNULL = YES;
				CLANG_ANALYZER_NUMBER_OBJECT_CONVERSION = YES_AGGRESSIVE;
				CLANG_CXX_LANGUAGE_STANDARD = "gnu++14";
				CLANG_CXX_LIBRARY = "libc++";
				CLANG_ENABLE_MODULES = YES;
				CLANG_ENABLE_OBJC_ARC = YES;
				CLANG_ENABLE_OBJC_WEAK = YES;
				CLANG_WARN_BLOCK_CAPTURE_AUTORELEASING = YES;
				CLANG_WARN_BOOL_CONVERSION = YES;
				CLANG_WARN_COMMA = YES;
				CLANG_WARN_CONSTANT_CONVERSION = YES;
				CLANG_WARN_DEPRECATED_OBJC_IMPLEMENTATIONS = YES;
				CLANG_WARN_DIRECT_OBJC_ISA_USAGE = YES_ERROR;
				CLANG_WARN_DOCUMENTATION_COMMENTS = YES;
				CLANG_WARN_EMPTY_BODY = YES;
				CLANG_WARN_ENUM_CONVERSION = YES;
				CLANG_WARN_INFINITE_RECURSION = YES;
				CLANG_WARN_INT_CONVERSION = YES;
				CLANG_WARN_NON_LITERAL_NULL_CONVERSION = YES;
				CLANG_WARN_OBJC_IMPLICIT_RETAIN_SELF = YES;
				CLANG_WARN_OBJC_LITERAL_CONVERSION = YES;
				CLANG_WARN_OBJC_ROOT_CLASS = YES_ERROR;
				CLANG_WARN_QUOTED_INCLUDE_IN_FRAMEWORK_HEADER = YES;
				CLANG_WARN_RANGE_LOOP_ANALYSIS = YES;
				CLANG_WARN_STRICT_PROTOTYPES = YES;
				CLANG_WARN_SUSPICIOUS_MOVE = YES;
				CLANG_WARN_UNGUARDED_AVAILABILITY = YES_AGGRESSIVE;
				CLANG_WARN_UNREACHABLE_CODE = YES;
				CLANG_WARN__DUPLICATE_METHOD_MATCH = YES;
				COPY_PHASE_STRIP = NO;
				DEBUG_INFORMATION_FORMAT = "dwarf-with-dsym";
				ENABLE_NS_ASSERTIONS = NO;
				ENABLE_STRICT_OBJC_MSGSEND = YES;
				GCC_C_LANGUAGE_STANDARD = gnu11;
				GCC_NO_COMMON_BLOCKS = YES;
				GCC_WARN_64_TO_32_BIT_CONVERSION = YES;
				GCC_WARN_ABOUT_RETURN_TYPE = YES_ERROR;
				GCC_WARN_UNDECLARED_SELECTOR = YES;
				GCC_WARN_UNINITIALIZED_AUTOS = YES_AGGRESSIVE;
				GCC_WARN_UNUSED_FUNCTION = YES;
				GCC_WARN_UNUSED_VARIABLE = YES;
				IPHONEOS_DEPLOYMENT_TARGET = 14.3;
				MTL_ENABLE_DEBUG_INFO = NO;
				MTL_FAST_MATH = YES;
				SDKROOT = iphoneos;
				SWIFT_COMPILATION_MODE = wholemodule;
				SWIFT_OPTIMIZATION_LEVEL = "-O";
				VALIDATE_PRODUCT = YES;
			};
			name = Release;
		};
		F218567D25BD6A1400FD50E4 /* Debug */ = {
			isa = XCBuildConfiguration;
			buildSettings = {
				ASSETCATALOG_COMPILER_APPICON_NAME = AppIcon;
				ASSETCATALOG_COMPILER_GLOBAL_ACCENT_COLOR_NAME = AccentColor;
				CODE_SIGN_STYLE = Automatic;
				DEVELOPMENT_TEAM = 8LTG3VGR5L;
				INFOPLIST_FILE = WebMDInterviewTest/Info.plist;
				IPHONEOS_DEPLOYMENT_TARGET = 13.0;
				LD_RUNPATH_SEARCH_PATHS = (
					"$(inherited)",
					"@executable_path/Frameworks",
				);
				PRODUCT_BUNDLE_IDENTIFIER = com.example.WebMDInterviewTest;
				PRODUCT_NAME = "$(TARGET_NAME)";
				SWIFT_VERSION = 5.0;
				TARGETED_DEVICE_FAMILY = "1,2";
			};
			name = Debug;
		};
		F218567E25BD6A1400FD50E4 /* Release */ = {
			isa = XCBuildConfiguration;
			buildSettings = {
				ASSETCATALOG_COMPILER_APPICON_NAME = AppIcon;
				ASSETCATALOG_COMPILER_GLOBAL_ACCENT_COLOR_NAME = AccentColor;
				CODE_SIGN_STYLE = Automatic;
				DEVELOPMENT_TEAM = 8LTG3VGR5L;
				INFOPLIST_FILE = WebMDInterviewTest/Info.plist;
				IPHONEOS_DEPLOYMENT_TARGET = 13.0;
				LD_RUNPATH_SEARCH_PATHS = (
					"$(inherited)",
					"@executable_path/Frameworks",
				);
				PRODUCT_BUNDLE_IDENTIFIER = com.example.WebMDInterviewTest;
				PRODUCT_NAME = "$(TARGET_NAME)";
				SWIFT_VERSION = 5.0;
				TARGETED_DEVICE_FAMILY = "1,2";
			};
			name = Release;
		};
		F21856E525BD815A00FD50E4 /* Debug */ = {
			isa = XCBuildConfiguration;
			buildSettings = {
				BUNDLE_LOADER = "$(TEST_HOST)";
				CODE_SIGN_STYLE = Automatic;
				DEVELOPMENT_TEAM = 8LTG3VGR5L;
				INFOPLIST_FILE = "WebMDInterviewTest-UnitTests/Info.plist";
				LD_RUNPATH_SEARCH_PATHS = (
					"$(inherited)",
					"@executable_path/Frameworks",
					"@loader_path/Frameworks",
				);
				PRODUCT_BUNDLE_IDENTIFIER = "com.example.WebMDInterviewTest-UnitTests";
				PRODUCT_NAME = "$(TARGET_NAME)";
				SWIFT_VERSION = 5.0;
				TARGETED_DEVICE_FAMILY = "1,2";
				TEST_HOST = "$(BUILT_PRODUCTS_DIR)/WebMDInterviewTest.app/WebMDInterviewTest";
			};
			name = Debug;
		};
		F21856E625BD815A00FD50E4 /* Release */ = {
			isa = XCBuildConfiguration;
			buildSettings = {
				BUNDLE_LOADER = "$(TEST_HOST)";
				CODE_SIGN_STYLE = Automatic;
				DEVELOPMENT_TEAM = 8LTG3VGR5L;
				INFOPLIST_FILE = "WebMDInterviewTest-UnitTests/Info.plist";
				LD_RUNPATH_SEARCH_PATHS = (
					"$(inherited)",
					"@executable_path/Frameworks",
					"@loader_path/Frameworks",
				);
				PRODUCT_BUNDLE_IDENTIFIER = "com.example.WebMDInterviewTest-UnitTests";
				PRODUCT_NAME = "$(TARGET_NAME)";
				SWIFT_VERSION = 5.0;
				TARGETED_DEVICE_FAMILY = "1,2";
				TEST_HOST = "$(BUILT_PRODUCTS_DIR)/WebMDInterviewTest.app/WebMDInterviewTest";
			};
			name = Release;
		};
/* End XCBuildConfiguration section */

/* Begin XCConfigurationList section */
		F218566325BD6A1300FD50E4 /* Build configuration list for PBXProject "WebMDInterviewTest" */ = {
			isa = XCConfigurationList;
			buildConfigurations = (
				F218567A25BD6A1400FD50E4 /* Debug */,
				F218567B25BD6A1400FD50E4 /* Release */,
			);
			defaultConfigurationIsVisible = 0;
			defaultConfigurationName = Release;
		};
		F218567C25BD6A1400FD50E4 /* Build configuration list for PBXNativeTarget "WebMDInterviewTest" */ = {
			isa = XCConfigurationList;
			buildConfigurations = (
				F218567D25BD6A1400FD50E4 /* Debug */,
				F218567E25BD6A1400FD50E4 /* Release */,
			);
			defaultConfigurationIsVisible = 0;
			defaultConfigurationName = Release;
		};
		F21856E425BD815A00FD50E4 /* Build configuration list for PBXNativeTarget "WebMDInterviewTest-UnitTests" */ = {
			isa = XCConfigurationList;
			buildConfigurations = (
				F21856E525BD815A00FD50E4 /* Debug */,
				F21856E625BD815A00FD50E4 /* Release */,
			);
			defaultConfigurationIsVisible = 0;
			defaultConfigurationName = Release;
		};
/* End XCConfigurationList section */
	};
	rootObject = F218566025BD6A1300FD50E4 /* Project object */;
}
